// !$*UTF8*$!
{
	archiveVersion = 1;
	classes = {
	};
	objectVersion = 48;
	objects = {

/* Begin PBXBuildFile section */
		80CA18E9208F5C5200F2B699 /* AppDelegate.m in Sources */ = {isa = PBXBuildFile; fileRef = 80CA18E8208F5C5200F2B699 /* AppDelegate.m */; };
		80CA18EC208F5C5200F2B699 /* ViewController.m in Sources */ = {isa = PBXBuildFile; fileRef = 80CA18EB208F5C5200F2B699 /* ViewController.m */; };
		80CA18EF208F5C5200F2B699 /* Main.storyboard in Resources */ = {isa = PBXBuildFile; fileRef = 80CA18ED208F5C5200F2B699 /* Main.storyboard */; };
		80CA18F1208F5C5200F2B699 /* Assets.xcassets in Resources */ = {isa = PBXBuildFile; fileRef = 80CA18F0208F5C5200F2B699 /* Assets.xcassets */; };
		80CA18F4208F5C5200F2B699 /* LaunchScreen.storyboard in Resources */ = {isa = PBXBuildFile; fileRef = 80CA18F2208F5C5200F2B699 /* LaunchScreen.storyboard */; };
		80CA18F7208F5C5200F2B699 /* main.m in Sources */ = {isa = PBXBuildFile; fileRef = 80CA18F6208F5C5200F2B699 /* main.m */; };
		80CA18FF208F5C6200F2B699 /* Person.m in Sources */ = {isa = PBXBuildFile; fileRef = 80CA18FE208F5C6200F2B699 /* Person.m */; };
		80CA1902208F5D7500F2B699 /* NSObject+KVO.m in Sources */ = {isa = PBXBuildFile; fileRef = 80CA1901208F5D7500F2B699 /* NSObject+KVO.m */; };
/* End PBXBuildFile section */

/* Begin PBXFileReference section */
		80CA18E4208F5C5100F2B699 /* KVO.app */ = {isa = PBXFileReference; explicitFileType = wrapper.application; includeInIndex = 0; path = KVO.app; sourceTree = BUILT_PRODUCTS_DIR; };
		80CA18E7208F5C5200F2B699 /* AppDelegate.h */ = {isa = PBXFileReference; lastKnownFileType = sourcecode.c.h; path = AppDelegate.h; sourceTree = "<group>"; };
		80CA18E8208F5C5200F2B699 /* AppDelegate.m */ = {isa = PBXFileReference; lastKnownFileType = sourcecode.c.objc; path = AppDelegate.m; sourceTree = "<group>"; };
		80CA18EA208F5C5200F2B699 /* ViewController.h */ = {isa = PBXFileReference; lastKnownFileType = sourcecode.c.h; path = ViewController.h; sourceTree = "<group>"; };
		80CA18EB208F5C5200F2B699 /* ViewController.m */ = {isa = PBXFileReference; lastKnownFileType = sourcecode.c.objc; path = ViewController.m; sourceTree = "<group>"; };
		80CA18EE208F5C5200F2B699 /* Base */ = {isa = PBXFileReference; lastKnownFileType = file.storyboard; name = Base; path = Base.lproj/Main.storyboard; sourceTree = "<group>"; };
		80CA18F0208F5C5200F2B699 /* Assets.xcassets */ = {isa = PBXFileReference; lastKnownFileType = folder.assetcatalog; path = Assets.xcassets; sourceTree = "<group>"; };
		80CA18F3208F5C5200F2B699 /* Base */ = {isa = PBXFileReference; lastKnownFileType = file.storyboard; name = Base; path = Base.lproj/LaunchScreen.storyboard; sourceTree = "<group>"; };
		80CA18F5208F5C5200F2B699 /* Info.plist */ = {isa = PBXFileReference; lastKnownFileType = text.plist.xml; path = Info.plist; sourceTree = "<group>"; };
		80CA18F6208F5C5200F2B699 /* main.m */ = {isa = PBXFileReference; lastKnownFileType = sourcecode.c.objc; path = main.m; sourceTree = "<group>"; };
		80CA18FD208F5C6200F2B699 /* Person.h */ = {isa = PBXFileReference; lastKnownFileType = sourcecode.c.h; path = Person.h; sourceTree = "<group>"; };
		80CA18FE208F5C6200F2B699 /* Person.m */ = {isa = PBXFileReference; lastKnownFileType = sourcecode.c.objc; path = Person.m; sourceTree = "<group>"; };
		80CA1900208F5D7500F2B699 /* NSObject+KVO.h */ = {isa = PBXFileReference; lastKnownFileType = sourcecode.c.h; path = "NSObject+KVO.h"; sourceTree = "<group>"; };
		80CA1901208F5D7500F2B699 /* NSObject+KVO.m */ = {isa = PBXFileReference; lastKnownFileType = sourcecode.c.objc; path = "NSObject+KVO.m"; sourceTree = "<group>"; };
/* End PBXFileReference section */

/* Begin PBXFrameworksBuildPhase section */
		80CA18E1208F5C5100F2B699 /* Frameworks */ = {
			isa = PBXFrameworksBuildPhase;
			buildActionMask = 2147483647;
			files = (
			);
			runOnlyForDeploymentPostprocessing = 0;
		};
/* End PBXFrameworksBuildPhase section */

/* Begin PBXGroup section */
		80CA18DB208F5C5100F2B699 = {
			isa = PBXGroup;
			children = (
				80CA18E6208F5C5200F2B699 /* KVO */,
				80CA18E5208F5C5100F2B699 /* Products */,
			);
			sourceTree = "<group>";
		};
		80CA18E5208F5C5100F2B699 /* Products */ = {
			isa = PBXGroup;
			children = (
				80CA18E4208F5C5100F2B699 /* KVO.app */,
			);
			name = Products;
			sourceTree = "<group>";
		};
		80CA18E6208F5C5200F2B699 /* KVO */ = {
			isa = PBXGroup;
			children = (
				80CA18E7208F5C5200F2B699 /* AppDelegate.h */,
				80CA18E8208F5C5200F2B699 /* AppDelegate.m */,
				80CA18EA208F5C5200F2B699 /* ViewController.h */,
				80CA18EB208F5C5200F2B699 /* ViewController.m */,
				80CA18ED208F5C5200F2B699 /* Main.storyboard */,
				80CA18F0208F5C5200F2B699 /* Assets.xcassets */,
				80CA18F2208F5C5200F2B699 /* LaunchScreen.storyboard */,
				80CA18F5208F5C5200F2B699 /* Info.plist */,
				80CA18F6208F5C5200F2B699 /* main.m */,
				80CA18FD208F5C6200F2B699 /* Person.h */,
				80CA18FE208F5C6200F2B699 /* Person.m */,
				80CA1900208F5D7500F2B699 /* NSObject+KVO.h */,
				80CA1901208F5D7500F2B699 /* NSObject+KVO.m */,
			);
			path = KVO;
			sourceTree = "<group>";
		};
/* End PBXGroup section */

/* Begin PBXNativeTarget section */
		80CA18E3208F5C5100F2B699 /* KVO */ = {
			isa = PBXNativeTarget;
			buildConfigurationList = 80CA18FA208F5C5200F2B699 /* Build configuration list for PBXNativeTarget "KVO" */;
			buildPhases = (
				80CA18E0208F5C5100F2B699 /* Sources */,
				80CA18E1208F5C5100F2B699 /* Frameworks */,
				80CA18E2208F5C5100F2B699 /* Resources */,
			);
			buildRules = (
			);
			dependencies = (
			);
			name = KVO;
			productName = KVO;
			productReference = 80CA18E4208F5C5100F2B699 /* KVO.app */;
			productType = "com.apple.product-type.application";
		};
/* End PBXNativeTarget section */

/* Begin PBXProject section */
		80CA18DC208F5C5100F2B699 /* Project object */ = {
			isa = PBXProject;
			attributes = {
				LastUpgradeCheck = 0920;
				ORGANIZATIONNAME = Du;
				TargetAttributes = {
					80CA18E3208F5C5100F2B699 = {
						CreatedOnToolsVersion = 9.2;
						ProvisioningStyle = Automatic;
					};
				};
			};
			buildConfigurationList = 80CA18DF208F5C5100F2B699 /* Build configuration list for PBXProject "KVO" */;
			compatibilityVersion = "Xcode 8.0";
			developmentRegion = en;
			hasScannedForEncodings = 0;
			knownRegions = (
				en,
				Base,
			);
			mainGroup = 80CA18DB208F5C5100F2B699;
			productRefGroup = 80CA18E5208F5C5100F2B699 /* Products */;
			projectDirPath = "";
			projectRoot = "";
			targets = (
				80CA18E3208F5C5100F2B699 /* KVO */,
			);
		};
/* End PBXProject section */

/* Begin PBXResourcesBuildPhase section */
		80CA18E2208F5C5100F2B699 /* Resources */ = {
			isa = PBXResourcesBuildPhase;
			buildActionMask = 2147483647;
			files = (
				80CA18F4208F5C5200F2B699 /* LaunchScreen.storyboard in Resources */,
				80CA18F1208F5C5200F2B699 /* Assets.xcassets in Resources */,
				80CA18EF208F5C5200F2B699 /* Main.storyboard in Resources */,
			);
			runOnlyForDeploymentPostprocessing = 0;
		};
/* End PBXResourcesBuildPhase section */

/* Begin PBXSourcesBuildPhase section */
		80CA18E0208F5C5100F2B699 /* Sources */ = {
			isa = PBXSourcesBuildPhase;
			buildActionMask = 2147483647;
			files = (
				80CA18EC208F5C5200F2B699 /* ViewController.m in Sources */,
				80CA18F7208F5C5200F2B699 /* main.m in Sources */,
				80CA1902208F5D7500F2B699 /* NSObject+KVO.m in Sources */,
				80CA18FF208F5C6200F2B699 /* Person.m in Sources */,
				80CA18E9208F5C5200F2B699 /* AppDelegate.m in Sources */,
			);
			runOnlyForDeploymentPostprocessing = 0;
		};
/* End PBXSourcesBuildPhase section */

/* Begin PBXVariantGroup section */
		80CA18ED208F5C5200F2B699 /* Main.storyboard */ = {
			isa = PBXVariantGroup;
			children = (
				80CA18EE208F5C5200F2B699 /* Base */,
			);
			name = Main.storyboard;
			sourceTree = "<group>";
		};
		80CA18F2208F5C5200F2B699 /* LaunchScreen.storyboard */ = {
			isa = PBXVariantGroup;
			children = (
				80CA18F3208F5C5200F2B699 /* Base */,
			);
			name = LaunchScreen.storyboard;
			sourceTree = "<group>";
		};
/* End PBXVariantGroup section */

/* Begin XCBuildConfiguration section */
		80CA18F8208F5C5200F2B699 /* Debug */ = {
			isa = XCBuildConfiguration;
			buildSettings = {
				ALWAYS_SEARCH_USER_PATHS = NO;
				CLANG_ANALYZER_NONNULL = YES;
				CLANG_ANALYZER_NUMBER_OBJECT_CONVERSION = YES_AGGRESSIVE;
				CLANG_CXX_LANGUAGE_STANDARD = "gnu++14";
				CLANG_CXX_LIBRARY = "libc++";
				CLANG_ENABLE_MODULES = YES;
				CLANG_ENABLE_OBJC_ARC = YES;
				CLANG_WARN_BLOCK_CAPTURE_AUTORELEASING = YES;
				CLANG_WARN_BOOL_CONVERSION = YES;
				CLANG_WARN_COMMA = YES;
				CLANG_WARN_CONSTANT_CONVERSION = YES;
				CLANG_WARN_DIRECT_OBJC_ISA_USAGE = YES_ERROR;
				CLANG_WARN_DOCUMENTATION_COMMENTS = YES;
				CLANG_WARN_EMPTY_BODY = YES;
				CLANG_WARN_ENUM_CONVERSION = YES;
				CLANG_WARN_INFINITE_RECURSION = YES;
				CLANG_WARN_INT_CONVERSION = YES;
				CLANG_WARN_NON_LITERAL_NULL_CONVERSION = YES;
				CLANG_WARN_OBJC_LITERAL_CONVERSION = YES;
				CLANG_WARN_OBJC_ROOT_CLASS = YES_ERROR;
				CLANG_WARN_RANGE_LOOP_ANALYSIS = YES;
				CLANG_WARN_STRICT_PROTOTYPES = YES;
				CLANG_WARN_SUSPICIOUS_MOVE = YES;
				CLANG_WARN_UNGUARDED_AVAILABILITY = YES_AGGRESSIVE;
				CLANG_WARN_UNREACHABLE_CODE = YES;
				CLANG_WARN__DUPLICATE_METHOD_MATCH = YES;
				CODE_SIGN_IDENTITY = "iPhone Developer";
				COPY_PHASE_STRIP = NO;
				DEBUG_INFORMATION_FORMAT = dwarf;
				ENABLE_STRICT_OBJC_MSGSEND = NO;
				ENABLE_TESTABILITY = YES;
				GCC_C_LANGUAGE_STANDARD = gnu11;
				GCC_DYNAMIC_NO_PIC = NO;
				GCC_NO_COMMON_BLOCKS = YES;
				GCC_OPTIMIZATION_LEVEL = 0;
				GCC_PREPROCESSOR_DEFINITIONS = (
					"DEBUG=1",
					"$(inherited)",
				);
				GCC_WARN_64_TO_32_BIT_CONVERSION = YES;
				GCC_WARN_ABOUT_RETURN_TYPE = YES_ERROR;
				GCC_WARN_UNDECLARED_SELECTOR = YES;
				GCC_WARN_UNINITIALIZED_AUTOS = YES_AGGRESSIVE;
				GCC_WARN_UNUSED_FUNCTION = YES;
				GCC_WARN_UNUSED_VARIABLE = YES;
				IPHONEOS_DEPLOYMENT_TARGET = 11.2;
				MTL_ENABLE_DEBUG_INFO = YES;
				ONLY_ACTIVE_ARCH = YES;
				SDKROOT = iphoneos;
			};
			name = Debug;
		};
		80CA18F9208F5C5200F2B699 /* Release */ = {
			isa = XCBuildConfiguration;
			buildSettings = {
				ALWAYS_SEARCH_USER_PATHS = NO;
				CLANG_ANALYZER_NONNULL = YES;
				CLANG_ANALYZER_NUMBER_OBJECT_CONVERSION = YES_AGGRESSIVE;
				CLANG_CXX_LANGUAGE_STANDARD = "gnu++14";
				CLANG_CXX_LIBRARY = "libc++";
				CLANG_ENABLE_MODULES = YES;
				CLANG_ENABLE_OBJC_ARC = YES;
				CLANG_WARN_BLOCK_CAPTURE_AUTORELEASING = YES;
				CLANG_WARN_BOOL_CONVERSION = YES;
				CLANG_WARN_COMMA = YES;
				CLANG_WARN_CONSTANT_CONVERSION = YES;
				CLANG_WARN_DIRECT_OBJC_ISA_USAGE = YES_ERROR;
				CLANG_WARN_DOCUMENTATION_COMMENTS = YES;
				CLANG_WARN_EMPTY_BODY = YES;
				CLANG_WARN_ENUM_CONVERSION = YES;
				CLANG_WARN_INFINITE_RECURSION = YES;
				CLANG_WARN_INT_CONVERSION = YES;
				CLANG_WARN_NON_LITERAL_NULL_CONVERSION = YES;
				CLANG_WARN_OBJC_LITERAL_CONVERSION = YES;
				CLANG_WARN_OBJC_ROOT_CLASS = YES_ERROR;
				CLANG_WARN_RANGE_LOOP_ANALYSIS = YES;
				CLANG_WARN_STRICT_PROTOTYPES = YES;
				CLANG_WARN_SUSPICIOUS_MOVE = YES;
				CLANG_WARN_UNGUARDED_AVAILABILITY = YES_AGGRESSIVE;
				CLANG_WARN_UNREACHABLE_CODE = YES;
				CLANG_WARN__DUPLICATE_METHOD_MATCH = YES;
				CODE_SIGN_IDENTITY = "iPhone Developer";
				COPY_PHASE_STRIP = NO;
				DEBUG_INFORMATION_FORMAT = "dwarf-with-dsym";
				ENABLE_NS_ASSERTIONS = NO;
				ENABLE_STRICT_OBJC_MSGSEND = NO;
				GCC_C_LANGUAGE_STANDARD = gnu11;
				GCC_NO_COMMON_BLOCKS = YES;
				GCC_WARN_64_TO_32_BIT_CONVERSION = YES;
				GCC_WARN_ABOUT_RETURN_TYPE = YES_ERROR;
				GCC_WARN_UNDECLARED_SELECTOR = YES;
				GCC_WARN_UNINITIALIZED_AUTOS = YES_AGGRESSIVE;
				GCC_WARN_UNUSED_FUNCTION = YES;
				GCC_WARN_UNUSED_VARIABLE = YES;
				IPHONEOS_DEPLOYMENT_TARGET = 11.2;
				MTL_ENABLE_DEBUG_INFO = NO;
				SDKROOT = iphoneos;
				VALIDATE_PRODUCT = YES;
			};
			name = Release;
		};
		80CA18FB208F5C5200F2B699 /* Debug */ = {
			isa = XCBuildConfiguration;
			buildSettings = {
				ASSETCATALOG_COMPILER_APPICON_NAME = AppIcon;
				CODE_SIGN_STYLE = Automatic;
				DEVELOPMENT_TEAM = 6P67V34FJ9;
				INFOPLIST_FILE = KVO/Info.plist;
				LD_RUNPATH_SEARCH_PATHS = "$(inherited) @executable_path/Frameworks";
				PRODUCT_BUNDLE_IDENTIFIER = Mumu.KVO;
				PRODUCT_NAME = "$(TARGET_NAME)";
				TARGETED_DEVICE_FAMILY = "1,2";
			};
			name = Debug;
		};
		80CA18FC208F5C5200F2B699 /* Release */ = {
			isa = XCBuildConfiguration;
			buildSettings = {
				ASSETCATALOG_COMPILER_APPICON_NAME = AppIcon;
				CODE_SIGN_STYLE = Automatic;
				DEVELOPMENT_TEAM = 6P67V34FJ9;
				INFOPLIST_FILE = KVO/Info.plist;
				LD_RUNPATH_SEARCH_PATHS = "$(inherited) @executable_path/Frameworks";
				PRODUCT_BUNDLE_IDENTIFIER = Mumu.KVO;
				PRODUCT_NAME = "$(TARGET_NAME)";
				TARGETED_DEVICE_FAMILY = "1,2";
			};
			name = Release;
		};
/* End XCBuildConfiguration section */

/* Begin XCConfigurationList section */
		80CA18DF208F5C5100F2B699 /* Build configuration list for PBXProject "KVO" */ = {
			isa = XCConfigurationList;
			buildConfigurations = (
				80CA18F8208F5C5200F2B699 /* Debug */,
				80CA18F9208F5C5200F2B699 /* Release */,
			);
			defaultConfigurationIsVisible = 0;
			defaultConfigurationName = Release;
		};
		80CA18FA208F5C5200F2B699 /* Build configuration list for PBXNativeTarget "KVO" */ = {
			isa = XCConfigurationList;
			buildConfigurations = (
				80CA18FB208F5C5200F2B699 /* Debug */,
				80CA18FC208F5C5200F2B699 /* Release */,
			);
			defaultConfigurationIsVisible = 0;
			defaultConfigurationName = Release;
		};
/* End XCConfigurationList section */
	};
	rootObject = 80CA18DC208F5C5100F2B699 /* Project object */;
}
